Microsoft Visual Studio Solution File, Format Version 12.00
# Visual Studio 2012
Project("{FAE04EC0-301F-11D3-BF4B-00C04F79EFBC}") = "BifurcationFrontend", "BifurcationFrontend\BifurcationFrontend.csproj", "{8D0E7936-1C95-4A27-83DE-1FE0AB4CAA60}"
EndProject
Project("{FAE04EC0-301F-11D3-BF4B-00C04F79EFBC}") = "LibBifurcationDiscovery", "LibBifurcationDiscovery\LibBifurcationDiscovery.csproj", "{798DA23B-332D-4091-B58A-5829AAA3C650}"
EndProject
Global
	GlobalSection(SolutionConfigurationPlatforms) = preSolution
		Debug|Any CPU = Debug|Any CPU
		Release|Any CPU = Release|Any CPU
	EndGlobalSection
	GlobalSection(ProjectConfigurationPlatforms) = postSolution
		{8D0E7936-1C95-4A27-83DE-1FE0AB4CAA60}.Debug|Any CPU.ActiveCfg = Debug|Any CPU
		{8D0E7936-1C95-4A27-83DE-1FE0AB4CAA60}.Debug|Any CPU.Build.0 = Debug|Any CPU
		{8D0E7936-1C95-4A27-83DE-1FE0AB4CAA60}.Release|Any CPU.ActiveCfg = Release|Any CPU
		{8D0E7936-1C95-4A27-83DE-1FE0AB4CAA60}.Release|Any CPU.Build.0 = Release|Any CPU
		{798DA23B-332D-4091-B58A-5829AAA3C650}.Debug|Any CPU.ActiveCfg = Debug|Any CPU
		{798DA23B-332D-4091-B58A-5829AAA3C650}.Debug|Any CPU.Build.0 = Debug|Any CPU
		{798DA23B-332D-4091-B58A-5829AAA3C650}.Release|Any CPU.ActiveCfg = Release|Any CPU
		{798DA23B-332D-4091-B58A-5829AAA3C650}.Release|Any CPU.Build.0 = Release|Any CPU
	EndGlobalSection
	GlobalSection(SolutionProperties) = preSolution
		HideSolutionNode = FALSE
	EndGlobalSection
EndGlobal
